
Microsoft Visual Studio Solution File, Format Version 12.00
# Visual Studio Version 17
VisualStudioVersion = 17.10.34928.147
MinimumVisualStudioVersion = 10.0.40219.1
Project("{9A19103F-16F7-4668-BE54-9A1E7A4F7556}") = "Waveify", "Waveify\Waveify.csproj", "{B984F676-72BB-4C57-B5D8-25F150CE51DF}"
	ProjectSection(ProjectDependencies) = postProject
		{4CB1BCB9-3DCA-4ABE-A289-C2F40E6547C1} = {4CB1BCB9-3DCA-4ABE-A289-C2F40E6547C1}
	EndProjectSection
EndProject
Project("{9A19103F-16F7-4668-BE54-9A1E7A4F7556}") = "WaveifyData", "WaveifyData\WaveifyData.csproj", "{4CB1BCB9-3DCA-4ABE-A289-C2F40E6547C1}"
EndProject
Global
	GlobalSection(SolutionConfigurationPlatforms) = preSolution
		Debug|Any CPU = Debug|Any CPU
		Release|Any CPU = Release|Any CPU
	EndGlobalSection
	GlobalSection(ProjectConfigurationPlatforms) = postSolution
		{B984F676-72BB-4C57-B5D8-25F150CE51DF}.Debug|Any CPU.ActiveCfg = Debug|Any CPU
		{B984F676-72BB-4C57-B5D8-25F150CE51DF}.Debug|Any CPU.Build.0 = Debug|Any CPU
		{B984F676-72BB-4C57-B5D8-25F150CE51DF}.Release|Any CPU.ActiveCfg = Release|Any CPU
		{B984F676-72BB-4C57-B5D8-25F150CE51DF}.Release|Any CPU.Build.0 = Release|Any CPU
		{4CB1BCB9-3DCA-4ABE-A289-C2F40E6547C1}.Debug|Any CPU.ActiveCfg = Debug|Any CPU
		{4CB1BCB9-3DCA-4ABE-A289-C2F40E6547C1}.Debug|Any CPU.Build.0 = Debug|Any CPU
		{4CB1BCB9-3DCA-4ABE-A289-C2F40E6547C1}.Release|Any CPU.ActiveCfg = Release|Any CPU
		{4CB1BCB9-3DCA-4ABE-A289-C2F40E6547C1}.Release|Any CPU.Build.0 = Release|Any CPU
	EndGlobalSection
	GlobalSection(SolutionProperties) = preSolution
		HideSolutionNode = FALSE
	EndGlobalSection
	GlobalSection(ExtensibilityGlobals) = postSolution
		SolutionGuid = {9E9358D6-244F-44F7-8BE8-5848A08A72AD}
	EndGlobalSection
EndGlobal
